// !$*UTF8*$!
{
	archiveVersion = 1;
	classes = {
	};
	objectVersion = 56;
	objects = {

/* Begin PBXBuildFile section */
		663A42382AD11C18005E0027 /* TimeZoneView.swift in Sources */ = {isa = PBXBuildFile; fileRef = 663A42372AD11C18005E0027 /* TimeZoneView.swift */; };
		66681FD72ACDB92D001036E9 /* MemoryView.swift in Sources */ = {isa = PBXBuildFile; fileRef = 66681FD62ACDB92D001036E9 /* MemoryView.swift */; };
		6669127A2AD2FA14007EF98A /* OtherView.swift in Sources */ = {isa = PBXBuildFile; fileRef = 666912792AD2FA14007EF98A /* OtherView.swift */; };
		6669127C2AD3041E007EF98A /* HelpView.swift in Sources */ = {isa = PBXBuildFile; fileRef = 6669127B2AD3041E007EF98A /* HelpView.swift */; };
		66788A862ACC73CB004AB5A4 /* ThreeDots.swift in Sources */ = {isa = PBXBuildFile; fileRef = 66788A852ACC73CB004AB5A4 /* ThreeDots.swift */; };
		66788A882ACC7CD4004AB5A4 /* Profile.swift in Sources */ = {isa = PBXBuildFile; fileRef = 66788A872ACC7CD4004AB5A4 /* Profile.swift */; };
		6678B92E2AD160D9005F8A8E /* LeftMenu.swift in Sources */ = {isa = PBXBuildFile; fileRef = 6678B92D2AD160D9005F8A8E /* LeftMenu.swift */; };
		6678B9302AD16305005F8A8E /* LeftMenuTopView.swift in Sources */ = {isa = PBXBuildFile; fileRef = 6678B92F2AD16305005F8A8E /* LeftMenuTopView.swift */; };
		6678B9332AD164BD005F8A8E /* SearchBar.swift in Sources */ = {isa = PBXBuildFile; fileRef = 6678B9322AD164BD005F8A8E /* SearchBar.swift */; };
		668334BA2AC97B2C00D4A820 /* FeedCell.swift in Sources */ = {isa = PBXBuildFile; fileRef = 668334B92AC97B2C00D4A820 /* FeedCell.swift */; };
		668785E02AD02B0400070035 /* EditProfile.swift in Sources */ = {isa = PBXBuildFile; fileRef = 668785DF2AD02B0400070035 /* EditProfile.swift */; };
		668785E42AD0373A00070035 /* Extensions.swift in Sources */ = {isa = PBXBuildFile; fileRef = 668785E32AD0373A00070035 /* Extensions.swift */; };
		668CA24E2AD43CD500FD0D25 /* ChevronButtonView.swift in Sources */ = {isa = PBXBuildFile; fileRef = 668CA24D2AD43CD500FD0D25 /* ChevronButtonView.swift */; };
		668CA2502AD43F1600FD0D25 /* ContactUsView.swift in Sources */ = {isa = PBXBuildFile; fileRef = 668CA24F2AD43F1600FD0D25 /* ContactUsView.swift */; };
		668CA2522AD4410400FD0D25 /* MemoriesView.swift in Sources */ = {isa = PBXBuildFile; fileRef = 668CA2512AD4410400FD0D25 /* MemoriesView.swift */; };
		669B99772ACF05D800ABA88A /* Settings.swift in Sources */ = {isa = PBXBuildFile; fileRef = 669B99762ACF05D800ABA88A /* Settings.swift */; };
		66F0F01B2AD1AA9000B94A64 /* Suggestions.swift in Sources */ = {isa = PBXBuildFile; fileRef = 66F0F01A2AD1AA9000B94A64 /* Suggestions.swift */; };
		66F0F01D2AD1ACA000B94A64 /* SuggestionCellView.swift in Sources */ = {isa = PBXBuildFile; fileRef = 66F0F01C2AD1ACA000B94A64 /* SuggestionCellView.swift */; };
		66F0F01F2AD1B1E300B94A64 /* FriendsView.swift in Sources */ = {isa = PBXBuildFile; fileRef = 66F0F01E2AD1B1E300B94A64 /* FriendsView.swift */; };
		66F0F0212AD1B37600B94A64 /* FriendCellView.swift in Sources */ = {isa = PBXBuildFile; fileRef = 66F0F0202AD1B37600B94A64 /* FriendCellView.swift */; };
		66F0F0232AD1B59700B94A64 /* RequestsView.swift in Sources */ = {isa = PBXBuildFile; fileRef = 66F0F0222AD1B59700B94A64 /* RequestsView.swift */; };
		66F789792AC91EAD00A266D7 /* BeRealCloneApp.swift in Sources */ = {isa = PBXBuildFile; fileRef = 66F789782AC91EAD00A266D7 /* BeRealCloneApp.swift */; };
		66F7897B2AC91EAD00A266D7 /* ContentView.swift in Sources */ = {isa = PBXBuildFile; fileRef = 66F7897A2AC91EAD00A266D7 /* ContentView.swift */; };
		66F7897D2AC91EAD00A266D7 /* Assets.xcassets in Resources */ = {isa = PBXBuildFile; fileRef = 66F7897C2AC91EAD00A266D7 /* Assets.xcassets */; };
		66F789812AC91EAD00A266D7 /* Preview Assets.xcassets in Resources */ = {isa = PBXBuildFile; fileRef = 66F789802AC91EAD00A266D7 /* Preview Assets.xcassets */; };
		66F7898B2AC91EAE00A266D7 /* BeRealCloneTests.swift in Sources */ = {isa = PBXBuildFile; fileRef = 66F7898A2AC91EAE00A266D7 /* BeRealCloneTests.swift */; };
		66F789952AC91EAE00A266D7 /* BeRealCloneUITests.swift in Sources */ = {isa = PBXBuildFile; fileRef = 66F789942AC91EAE00A266D7 /* BeRealCloneUITests.swift */; };
		66F789972AC91EAE00A266D7 /* BeRealCloneUITestsLaunchTests.swift in Sources */ = {isa = PBXBuildFile; fileRef = 66F789962AC91EAE00A266D7 /* BeRealCloneUITestsLaunchTests.swift */; };
		66F789A62AC91FF100A266D7 /* FeedView.swift in Sources */ = {isa = PBXBuildFile; fileRef = 66F789A52AC91FF100A266D7 /* FeedView.swift */; };
/* End PBXBuildFile section */

/* Begin PBXContainerItemProxy section */
		66F789872AC91EAE00A266D7 /* PBXContainerItemProxy */ = {
			isa = PBXContainerItemProxy;
			containerPortal = 66F7896D2AC91EAC00A266D7 /* Project object */;
			proxyType = 1;
			remoteGlobalIDString = 66F789742AC91EAD00A266D7;
			remoteInfo = BeRealClone;
		};
		66F789912AC91EAE00A266D7 /* PBXContainerItemProxy */ = {
			isa = PBXContainerItemProxy;
			containerPortal = 66F7896D2AC91EAC00A266D7 /* Project object */;
			proxyType = 1;
			remoteGlobalIDString = 66F789742AC91EAD00A266D7;
			remoteInfo = BeRealClone;
		};
/* End PBXContainerItemProxy section */

/* Begin PBXFileReference section */
		663A42372AD11C18005E0027 /* TimeZoneView.swift */ = {isa = PBXFileReference; lastKnownFileType = sourcecode.swift; path = TimeZoneView.swift; sourceTree = "<group>"; };
		66681FD62ACDB92D001036E9 /* MemoryView.swift */ = {isa = PBXFileReference; lastKnownFileType = sourcecode.swift; path = MemoryView.swift; sourceTree = "<group>"; };
		666912792AD2FA14007EF98A /* OtherView.swift */ = {isa = PBXFileReference; lastKnownFileType = sourcecode.swift; path = OtherView.swift; sourceTree = "<group>"; };
		6669127B2AD3041E007EF98A /* HelpView.swift */ = {isa = PBXFileReference; lastKnownFileType = sourcecode.swift; path = HelpView.swift; sourceTree = "<group>"; };
		66788A852ACC73CB004AB5A4 /* ThreeDots.swift */ = {isa = PBXFileReference; lastKnownFileType = sourcecode.swift; path = ThreeDots.swift; sourceTree = "<group>"; };
		66788A872ACC7CD4004AB5A4 /* Profile.swift */ = {isa = PBXFileReference; lastKnownFileType = sourcecode.swift; path = Profile.swift; sourceTree = "<group>"; };
		6678B92D2AD160D9005F8A8E /* LeftMenu.swift */ = {isa = PBXFileReference; lastKnownFileType = sourcecode.swift; path = LeftMenu.swift; sourceTree = "<group>"; };
		6678B92F2AD16305005F8A8E /* LeftMenuTopView.swift */ = {isa = PBXFileReference; lastKnownFileType = sourcecode.swift; path = LeftMenuTopView.swift; sourceTree = "<group>"; };
		6678B9322AD164BD005F8A8E /* SearchBar.swift */ = {isa = PBXFileReference; lastKnownFileType = sourcecode.swift; path = SearchBar.swift; sourceTree = "<group>"; };
		668334B92AC97B2C00D4A820 /* FeedCell.swift */ = {isa = PBXFileReference; lastKnownFileType = sourcecode.swift; path = FeedCell.swift; sourceTree = "<group>"; };
		668785DF2AD02B0400070035 /* EditProfile.swift */ = {isa = PBXFileReference; lastKnownFileType = sourcecode.swift; path = EditProfile.swift; sourceTree = "<group>"; };
		668785E32AD0373A00070035 /* Extensions.swift */ = {isa = PBXFileReference; lastKnownFileType = sourcecode.swift; path = Extensions.swift; sourceTree = "<group>"; };
		668CA24D2AD43CD500FD0D25 /* ChevronButtonView.swift */ = {isa = PBXFileReference; lastKnownFileType = sourcecode.swift; path = ChevronButtonView.swift; sourceTree = "<group>"; };
		668CA24F2AD43F1600FD0D25 /* ContactUsView.swift */ = {isa = PBXFileReference; lastKnownFileType = sourcecode.swift; path = ContactUsView.swift; sourceTree = "<group>"; };
		668CA2512AD4410400FD0D25 /* MemoriesView.swift */ = {isa = PBXFileReference; lastKnownFileType = sourcecode.swift; path = MemoriesView.swift; sourceTree = "<group>"; };
		669B99762ACF05D800ABA88A /* Settings.swift */ = {isa = PBXFileReference; lastKnownFileType = sourcecode.swift; path = Settings.swift; sourceTree = "<group>"; };
		66F0F01A2AD1AA9000B94A64 /* Suggestions.swift */ = {isa = PBXFileReference; lastKnownFileType = sourcecode.swift; path = Suggestions.swift; sourceTree = "<group>"; };
		66F0F01C2AD1ACA000B94A64 /* SuggestionCellView.swift */ = {isa = PBXFileReference; lastKnownFileType = sourcecode.swift; path = SuggestionCellView.swift; sourceTree = "<group>"; };
		66F0F01E2AD1B1E300B94A64 /* FriendsView.swift */ = {isa = PBXFileReference; lastKnownFileType = sourcecode.swift; path = FriendsView.swift; sourceTree = "<group>"; };
		66F0F0202AD1B37600B94A64 /* FriendCellView.swift */ = {isa = PBXFileReference; lastKnownFileType = sourcecode.swift; path = FriendCellView.swift; sourceTree = "<group>"; };
		66F0F0222AD1B59700B94A64 /* RequestsView.swift */ = {isa = PBXFileReference; lastKnownFileType = sourcecode.swift; path = RequestsView.swift; sourceTree = "<group>"; };
		66F789752AC91EAD00A266D7 /* BeRealClone.app */ = {isa = PBXFileReference; explicitFileType = wrapper.application; includeInIndex = 0; path = BeRealClone.app; sourceTree = BUILT_PRODUCTS_DIR; };
		66F789782AC91EAD00A266D7 /* BeRealCloneApp.swift */ = {isa = PBXFileReference; lastKnownFileType = sourcecode.swift; path = BeRealCloneApp.swift; sourceTree = "<group>"; };
		66F7897A2AC91EAD00A266D7 /* ContentView.swift */ = {isa = PBXFileReference; lastKnownFileType = sourcecode.swift; path = ContentView.swift; sourceTree = "<group>"; };
		66F7897C2AC91EAD00A266D7 /* Assets.xcassets */ = {isa = PBXFileReference; lastKnownFileType = folder.assetcatalog; path = Assets.xcassets; sourceTree = "<group>"; };
		66F7897E2AC91EAD00A266D7 /* BeRealClone.entitlements */ = {isa = PBXFileReference; lastKnownFileType = text.plist.entitlements; path = BeRealClone.entitlements; sourceTree = "<group>"; };
		66F789802AC91EAD00A266D7 /* Preview Assets.xcassets */ = {isa = PBXFileReference; lastKnownFileType = folder.assetcatalog; path = "Preview Assets.xcassets"; sourceTree = "<group>"; };
		66F789862AC91EAE00A266D7 /* BeRealCloneTests.xctest */ = {isa = PBXFileReference; explicitFileType = wrapper.cfbundle; includeInIndex = 0; path = BeRealCloneTests.xctest; sourceTree = BUILT_PRODUCTS_DIR; };
		66F7898A2AC91EAE00A266D7 /* BeRealCloneTests.swift */ = {isa = PBXFileReference; lastKnownFileType = sourcecode.swift; path = BeRealCloneTests.swift; sourceTree = "<group>"; };
		66F789902AC91EAE00A266D7 /* BeRealCloneUITests.xctest */ = {isa = PBXFileReference; explicitFileType = wrapper.cfbundle; includeInIndex = 0; path = BeRealCloneUITests.xctest; sourceTree = BUILT_PRODUCTS_DIR; };
		66F789942AC91EAE00A266D7 /* BeRealCloneUITests.swift */ = {isa = PBXFileReference; lastKnownFileType = sourcecode.swift; path = BeRealCloneUITests.swift; sourceTree = "<group>"; };
		66F789962AC91EAE00A266D7 /* BeRealCloneUITestsLaunchTests.swift */ = {isa = PBXFileReference; lastKnownFileType = sourcecode.swift; path = BeRealCloneUITestsLaunchTests.swift; sourceTree = "<group>"; };
		66F789A52AC91FF100A266D7 /* FeedView.swift */ = {isa = PBXFileReference; lastKnownFileType = sourcecode.swift; path = FeedView.swift; sourceTree = "<group>"; };
/* End PBXFileReference section */

/* Begin PBXFrameworksBuildPhase section */
		66F789722AC91EAD00A266D7 /* Frameworks */ = {
			isa = PBXFrameworksBuildPhase;
			buildActionMask = 2147483647;
			files = (
			);
			runOnlyForDeploymentPostprocessing = 0;
		};
		66F789832AC91EAE00A266D7 /* Frameworks */ = {
			isa = PBXFrameworksBuildPhase;
			buildActionMask = 2147483647;
			files = (
			);
			runOnlyForDeploymentPostprocessing = 0;
		};
		66F7898D2AC91EAE00A266D7 /* Frameworks */ = {
			isa = PBXFrameworksBuildPhase;
			buildActionMask = 2147483647;
			files = (
			);
			runOnlyForDeploymentPostprocessing = 0;
		};
/* End PBXFrameworksBuildPhase section */

/* Begin PBXGroup section */
		66788A842ACC73AF004AB5A4 /* Helpers */ = {
			isa = PBXGroup;
			children = (
				66788A852ACC73CB004AB5A4 /* ThreeDots.swift */,
			);
			path = Helpers;
			sourceTree = "<group>";
		};
		6678B92C2AD16098005F8A8E /* LeftMenu */ = {
			isa = PBXGroup;
			children = (
				6678B92D2AD160D9005F8A8E /* LeftMenu.swift */,
				6678B92F2AD16305005F8A8E /* LeftMenuTopView.swift */,
				66F0F01A2AD1AA9000B94A64 /* Suggestions.swift */,
				66F0F01C2AD1ACA000B94A64 /* SuggestionCellView.swift */,
				66F0F01E2AD1B1E300B94A64 /* FriendsView.swift */,
				66F0F0202AD1B37600B94A64 /* FriendCellView.swift */,
				66F0F0222AD1B59700B94A64 /* RequestsView.swift */,
			);
			path = LeftMenu;
			sourceTree = "<group>";
		};
		6678B9312AD1649E005F8A8E /* Items */ = {
			isa = PBXGroup;
			children = (
				6678B9322AD164BD005F8A8E /* SearchBar.swift */,
			);
			path = Items;
			sourceTree = "<group>";
		};
		668785E22AD0372200070035 /* Extensions */ = {
			isa = PBXGroup;
			children = (
				668785E32AD0373A00070035 /* Extensions.swift */,
			);
			path = Extensions;
			sourceTree = "<group>";
		};
		66F7896C2AC91EAC00A266D7 = {
			isa = PBXGroup;
			children = (
				66F789772AC91EAD00A266D7 /* BeRealClone */,
				66F789892AC91EAE00A266D7 /* BeRealCloneTests */,
				66F789932AC91EAE00A266D7 /* BeRealCloneUITests */,
				66F789762AC91EAD00A266D7 /* Products */,
			);
			sourceTree = "<group>";
		};
		66F789762AC91EAD00A266D7 /* Products */ = {
			isa = PBXGroup;
			children = (
				66F789752AC91EAD00A266D7 /* BeRealClone.app */,
				66F789862AC91EAE00A266D7 /* BeRealCloneTests.xctest */,
				66F789902AC91EAE00A266D7 /* BeRealCloneUITests.xctest */,
			);
			name = Products;
			sourceTree = "<group>";
		};
		66F789772AC91EAD00A266D7 /* BeRealClone */ = {
			isa = PBXGroup;
			children = (
				6678B9312AD1649E005F8A8E /* Items */,
				6678B92C2AD16098005F8A8E /* LeftMenu */,
				668785E22AD0372200070035 /* Extensions */,
				66788A842ACC73AF004AB5A4 /* Helpers */,
				66F789782AC91EAD00A266D7 /* BeRealCloneApp.swift */,
				66F7897A2AC91EAD00A266D7 /* ContentView.swift */,
				66F7897C2AC91EAD00A266D7 /* Assets.xcassets */,
				66F7897E2AC91EAD00A266D7 /* BeRealClone.entitlements */,
				66F7897F2AC91EAD00A266D7 /* Preview Content */,
				66F789A52AC91FF100A266D7 /* FeedView.swift */,
				668334B92AC97B2C00D4A820 /* FeedCell.swift */,
				66788A872ACC7CD4004AB5A4 /* Profile.swift */,
				66681FD62ACDB92D001036E9 /* MemoryView.swift */,
				669B99762ACF05D800ABA88A /* Settings.swift */,
				668785DF2AD02B0400070035 /* EditProfile.swift */,
				663A42372AD11C18005E0027 /* TimeZoneView.swift */,
				666912792AD2FA14007EF98A /* OtherView.swift */,
				6669127B2AD3041E007EF98A /* HelpView.swift */,
				668CA24D2AD43CD500FD0D25 /* ChevronButtonView.swift */,
				668CA24F2AD43F1600FD0D25 /* ContactUsView.swift */,
				668CA2512AD4410400FD0D25 /* MemoriesView.swift */,
			);
			path = BeRealClone;
			sourceTree = "<group>";
		};
		66F7897F2AC91EAD00A266D7 /* Preview Content */ = {
			isa = PBXGroup;
			children = (
				66F789802AC91EAD00A266D7 /* Preview Assets.xcassets */,
			);
			path = "Preview Content";
			sourceTree = "<group>";
		};
		66F789892AC91EAE00A266D7 /* BeRealCloneTests */ = {
			isa = PBXGroup;
			children = (
				66F7898A2AC91EAE00A266D7 /* BeRealCloneTests.swift */,
			);
			path = BeRealCloneTests;
			sourceTree = "<group>";
		};
		66F789932AC91EAE00A266D7 /* BeRealCloneUITests */ = {
			isa = PBXGroup;
			children = (
				66F789942AC91EAE00A266D7 /* BeRealCloneUITests.swift */,
				66F789962AC91EAE00A266D7 /* BeRealCloneUITestsLaunchTests.swift */,
			);
			path = BeRealCloneUITests;
			sourceTree = "<group>";
		};
/* End PBXGroup section */

/* Begin PBXNativeTarget section */
		66F789742AC91EAD00A266D7 /* BeRealClone */ = {
			isa = PBXNativeTarget;
			buildConfigurationList = 66F7899A2AC91EAE00A266D7 /* Build configuration list for PBXNativeTarget "BeRealClone" */;
			buildPhases = (
				66F789712AC91EAD00A266D7 /* Sources */,
				66F789722AC91EAD00A266D7 /* Frameworks */,
				66F789732AC91EAD00A266D7 /* Resources */,
			);
			buildRules = (
			);
			dependencies = (
			);
			name = BeRealClone;
			productName = BeRealClone;
			productReference = 66F789752AC91EAD00A266D7 /* BeRealClone.app */;
			productType = "com.apple.product-type.application";
		};
		66F789852AC91EAE00A266D7 /* BeRealCloneTests */ = {
			isa = PBXNativeTarget;
			buildConfigurationList = 66F7899D2AC91EAE00A266D7 /* Build configuration list for PBXNativeTarget "BeRealCloneTests" */;
			buildPhases = (
				66F789822AC91EAE00A266D7 /* Sources */,
				66F789832AC91EAE00A266D7 /* Frameworks */,
				66F789842AC91EAE00A266D7 /* Resources */,
			);
			buildRules = (
			);
			dependencies = (
				66F789882AC91EAE00A266D7 /* PBXTargetDependency */,
			);
			name = BeRealCloneTests;
			productName = BeRealCloneTests;
			productReference = 66F789862AC91EAE00A266D7 /* BeRealCloneTests.xctest */;
			productType = "com.apple.product-type.bundle.unit-test";
		};
		66F7898F2AC91EAE00A266D7 /* BeRealCloneUITests */ = {
			isa = PBXNativeTarget;
			buildConfigurationList = 66F789A02AC91EAE00A266D7 /* Build configuration list for PBXNativeTarget "BeRealCloneUITests" */;
			buildPhases = (
				66F7898C2AC91EAE00A266D7 /* Sources */,
				66F7898D2AC91EAE00A266D7 /* Frameworks */,
				66F7898E2AC91EAE00A266D7 /* Resources */,
			);
			buildRules = (
			);
			dependencies = (
				66F789922AC91EAE00A266D7 /* PBXTargetDependency */,
			);
			name = BeRealCloneUITests;
			productName = BeRealCloneUITests;
			productReference = 66F789902AC91EAE00A266D7 /* BeRealCloneUITests.xctest */;
			productType = "com.apple.product-type.bundle.ui-testing";
		};
/* End PBXNativeTarget section */

/* Begin PBXProject section */
		66F7896D2AC91EAC00A266D7 /* Project object */ = {
			isa = PBXProject;
			attributes = {
				BuildIndependentTargetsInParallel = 1;
				LastSwiftUpdateCheck = 1500;
				LastUpgradeCheck = 1500;
				TargetAttributes = {
					66F789742AC91EAD00A266D7 = {
						CreatedOnToolsVersion = 15.0;
					};
					66F789852AC91EAE00A266D7 = {
						CreatedOnToolsVersion = 15.0;
						TestTargetID = 66F789742AC91EAD00A266D7;
					};
					66F7898F2AC91EAE00A266D7 = {
						CreatedOnToolsVersion = 15.0;
						TestTargetID = 66F789742AC91EAD00A266D7;
					};
				};
			};
			buildConfigurationList = 66F789702AC91EAC00A266D7 /* Build configuration list for PBXProject "BeRealClone" */;
			compatibilityVersion = "Xcode 14.0";
			developmentRegion = en;
			hasScannedForEncodings = 0;
			knownRegions = (
				en,
				Base,
			);
			mainGroup = 66F7896C2AC91EAC00A266D7;
			productRefGroup = 66F789762AC91EAD00A266D7 /* Products */;
			projectDirPath = "";
			projectRoot = "";
			targets = (
				66F789742AC91EAD00A266D7 /* BeRealClone */,
				66F789852AC91EAE00A266D7 /* BeRealCloneTests */,
				66F7898F2AC91EAE00A266D7 /* BeRealCloneUITests */,
			);
		};
/* End PBXProject section */

/* Begin PBXResourcesBuildPhase section */
		66F789732AC91EAD00A266D7 /* Resources */ = {
			isa = PBXResourcesBuildPhase;
			buildActionMask = 2147483647;
			files = (
				66F789812AC91EAD00A266D7 /* Preview Assets.xcassets in Resources */,
				66F7897D2AC91EAD00A266D7 /* Assets.xcassets in Resources */,
			);
			runOnlyForDeploymentPostprocessing = 0;
		};
		66F789842AC91EAE00A266D7 /* Resources */ = {
			isa = PBXResourcesBuildPhase;
			buildActionMask = 2147483647;
			files = (
			);
			runOnlyForDeploymentPostprocessing = 0;
		};
		66F7898E2AC91EAE00A266D7 /* Resources */ = {
			isa = PBXResourcesBuildPhase;
			buildActionMask = 2147483647;
			files = (
			);
			runOnlyForDeploymentPostprocessing = 0;
		};
/* End PBXResourcesBuildPhase section */

/* Begin PBXSourcesBuildPhase section */
		66F789712AC91EAD00A266D7 /* Sources */ = {
			isa = PBXSourcesBuildPhase;
			buildActionMask = 2147483647;
			files = (
				66681FD72ACDB92D001036E9 /* MemoryView.swift in Sources */,
				66F7897B2AC91EAD00A266D7 /* ContentView.swift in Sources */,
				66F0F0212AD1B37600B94A64 /* FriendCellView.swift in Sources */,
				669B99772ACF05D800ABA88A /* Settings.swift in Sources */,
				663A42382AD11C18005E0027 /* TimeZoneView.swift in Sources */,
				66788A882ACC7CD4004AB5A4 /* Profile.swift in Sources */,
				6678B9302AD16305005F8A8E /* LeftMenuTopView.swift in Sources */,
				66F0F01D2AD1ACA000B94A64 /* SuggestionCellView.swift in Sources */,
				66F0F01B2AD1AA9000B94A64 /* Suggestions.swift in Sources */,
				6678B92E2AD160D9005F8A8E /* LeftMenu.swift in Sources */,
				6669127C2AD3041E007EF98A /* HelpView.swift in Sources */,
				66F0F01F2AD1B1E300B94A64 /* FriendsView.swift in Sources */,
				668CA2502AD43F1600FD0D25 /* ContactUsView.swift in Sources */,
				6678B9332AD164BD005F8A8E /* SearchBar.swift in Sources */,
				66F0F0232AD1B59700B94A64 /* RequestsView.swift in Sources */,
				668CA24E2AD43CD500FD0D25 /* ChevronButtonView.swift in Sources */,
				66788A862ACC73CB004AB5A4 /* ThreeDots.swift in Sources */,
				668CA2522AD4410400FD0D25 /* MemoriesView.swift in Sources */,
				668785E42AD0373A00070035 /* Extensions.swift in Sources */,
				668334BA2AC97B2C00D4A820 /* FeedCell.swift in Sources */,
				66F789A62AC91FF100A266D7 /* FeedView.swift in Sources */,
				66F789792AC91EAD00A266D7 /* BeRealCloneApp.swift in Sources */,
				668785E02AD02B0400070035 /* EditProfile.swift in Sources */,
				6669127A2AD2FA14007EF98A /* OtherView.swift in Sources */,
			);
			runOnlyForDeploymentPostprocessing = 0;
		};
		66F789822AC91EAE00A266D7 /* Sources */ = {
			isa = PBXSourcesBuildPhase;
			buildActionMask = 2147483647;
			files = (
				66F7898B2AC91EAE00A266D7 /* BeRealCloneTests.swift in Sources */,
			);
			runOnlyForDeploymentPostprocessing = 0;
		};
		66F7898C2AC91EAE00A266D7 /* Sources */ = {
			isa = PBXSourcesBuildPhase;
			buildActionMask = 2147483647;
			files = (
				66F789952AC91EAE00A266D7 /* BeRealCloneUITests.swift in Sources */,
				66F789972AC91EAE00A266D7 /* BeRealCloneUITestsLaunchTests.swift in Sources */,
			);
			runOnlyForDeploymentPostprocessing = 0;
		};
/* End PBXSourcesBuildPhase section */

/* Begin PBXTargetDependency section */
		66F789882AC91EAE00A266D7 /* PBXTargetDependency */ = {
			isa = PBXTargetDependency;
			target = 66F789742AC91EAD00A266D7 /* BeRealClone */;
			targetProxy = 66F789872AC91EAE00A266D7 /* PBXContainerItemProxy */;
		};
		66F789922AC91EAE00A266D7 /* PBXTargetDependency */ = {
			isa = PBXTargetDependency;
			target = 66F789742AC91EAD00A266D7 /* BeRealClone */;
			targetProxy = 66F789912AC91EAE00A266D7 /* PBXContainerItemProxy */;
		};
/* End PBXTargetDependency section */

/* Begin XCBuildConfiguration section */
		66F789982AC91EAE00A266D7 /* Debug */ = {
			isa = XCBuildConfiguration;
			buildSettings = {
				ALWAYS_SEARCH_USER_PATHS = NO;
				ASSETCATALOG_COMPILER_GENERATE_SWIFT_ASSET_SYMBOL_EXTENSIONS = YES;
				CLANG_ANALYZER_NONNULL = YES;
				CLANG_ANALYZER_NUMBER_OBJECT_CONVERSION = YES_AGGRESSIVE;
				CLANG_CXX_LANGUAGE_STANDARD = "gnu++20";
				CLANG_ENABLE_MODULES = YES;
				CLANG_ENABLE_OBJC_ARC = YES;
				CLANG_ENABLE_OBJC_WEAK = YES;
				CLANG_WARN_BLOCK_CAPTURE_AUTORELEASING = YES;
				CLANG_WARN_BOOL_CONVERSION = YES;
				CLANG_WARN_COMMA = YES;
				CLANG_WARN_CONSTANT_CONVERSION = YES;
				CLANG_WARN_DEPRECATED_OBJC_IMPLEMENTATIONS = YES;
				CLANG_WARN_DIRECT_OBJC_ISA_USAGE = YES_ERROR;
				CLANG_WARN_DOCUMENTATION_COMMENTS = YES;
				CLANG_WARN_EMPTY_BODY = YES;
				CLANG_WARN_ENUM_CONVERSION = YES;
				CLANG_WARN_INFINITE_RECURSION = YES;
				CLANG_WARN_INT_CONVERSION = YES;
				CLANG_WARN_NON_LITERAL_NULL_CONVERSION = YES;
				CLANG_WARN_OBJC_IMPLICIT_RETAIN_SELF = YES;
				CLANG_WARN_OBJC_LITERAL_CONVERSION = YES;
				CLANG_WARN_OBJC_ROOT_CLASS = YES_ERROR;
				CLANG_WARN_QUOTED_INCLUDE_IN_FRAMEWORK_HEADER = YES;
				CLANG_WARN_RANGE_LOOP_ANALYSIS = YES;
				CLANG_WARN_STRICT_PROTOTYPES = YES;
				CLANG_WARN_SUSPICIOUS_MOVE = YES;
				CLANG_WARN_UNGUARDED_AVAILABILITY = YES_AGGRESSIVE;
				CLANG_WARN_UNREACHABLE_CODE = YES;
				CLANG_WARN__DUPLICATE_METHOD_MATCH = YES;
				COPY_PHASE_STRIP = NO;
				DEBUG_INFORMATION_FORMAT = dwarf;
				ENABLE_STRICT_OBJC_MSGSEND = YES;
				ENABLE_TESTABILITY = YES;
				ENABLE_USER_SCRIPT_SANDBOXING = YES;
				GCC_C_LANGUAGE_STANDARD = gnu17;
				GCC_DYNAMIC_NO_PIC = NO;
				GCC_NO_COMMON_BLOCKS = YES;
				GCC_OPTIMIZATION_LEVEL = 0;
				GCC_PREPROCESSOR_DEFINITIONS = (
					"DEBUG=1",
					"$(inherited)",
				);
				GCC_WARN_64_TO_32_BIT_CONVERSION = YES;
				GCC_WARN_ABOUT_RETURN_TYPE = YES_ERROR;
				GCC_WARN_UNDECLARED_SELECTOR = YES;
				GCC_WARN_UNINITIALIZED_AUTOS = YES_AGGRESSIVE;
				GCC_WARN_UNUSED_FUNCTION = YES;
				GCC_WARN_UNUSED_VARIABLE = YES;
				LOCALIZATION_PREFERS_STRING_CATALOGS = YES;
				MTL_ENABLE_DEBUG_INFO = INCLUDE_SOURCE;
				MTL_FAST_MATH = YES;
				ONLY_ACTIVE_ARCH = YES;
				SWIFT_ACTIVE_COMPILATION_CONDITIONS = "DEBUG $(inherited)";
				SWIFT_OPTIMIZATION_LEVEL = "-Onone";
			};
			name = Debug;
		};
		66F789992AC91EAE00A266D7 /* Release */ = {
			isa = XCBuildConfiguration;
			buildSettings = {
				ALWAYS_SEARCH_USER_PATHS = NO;
				ASSETCATALOG_COMPILER_GENERATE_SWIFT_ASSET_SYMBOL_EXTENSIONS = YES;
				CLANG_ANALYZER_NONNULL = YES;
				CLANG_ANALYZER_NUMBER_OBJECT_CONVERSION = YES_AGGRESSIVE;
				CLANG_CXX_LANGUAGE_STANDARD = "gnu++20";
				CLANG_ENABLE_MODULES = YES;
				CLANG_ENABLE_OBJC_ARC = YES;
				CLANG_ENABLE_OBJC_WEAK = YES;
				CLANG_WARN_BLOCK_CAPTURE_AUTORELEASING = YES;
				CLANG_WARN_BOOL_CONVERSION = YES;
				CLANG_WARN_COMMA = YES;
				CLANG_WARN_CONSTANT_CONVERSION = YES;
				CLANG_WARN_DEPRECATED_OBJC_IMPLEMENTATIONS = YES;
				CLANG_WARN_DIRECT_OBJC_ISA_USAGE = YES_ERROR;
				CLANG_WARN_DOCUMENTATION_COMMENTS = YES;
				CLANG_WARN_EMPTY_BODY = YES;
				CLANG_WARN_ENUM_CONVERSION = YES;
				CLANG_WARN_INFINITE_RECURSION = YES;
				CLANG_WARN_INT_CONVERSION = YES;
				CLANG_WARN_NON_LITERAL_NULL_CONVERSION = YES;
				CLANG_WARN_OBJC_IMPLICIT_RETAIN_SELF = YES;
				CLANG_WARN_OBJC_LITERAL_CONVERSION = YES;
				CLANG_WARN_OBJC_ROOT_CLASS = YES_ERROR;
				CLANG_WARN_QUOTED_INCLUDE_IN_FRAMEWORK_HEADER = YES;
				CLANG_WARN_RANGE_LOOP_ANALYSIS = YES;
				CLANG_WARN_STRICT_PROTOTYPES = YES;
				CLANG_WARN_SUSPICIOUS_MOVE = YES;
				CLANG_WARN_UNGUARDED_AVAILABILITY = YES_AGGRESSIVE;
				CLANG_WARN_UNREACHABLE_CODE = YES;
				CLANG_WARN__DUPLICATE_METHOD_MATCH = YES;
				COPY_PHASE_STRIP = NO;
				DEBUG_INFORMATION_FORMAT = "dwarf-with-dsym";
				ENABLE_NS_ASSERTIONS = NO;
				ENABLE_STRICT_OBJC_MSGSEND = YES;
				ENABLE_USER_SCRIPT_SANDBOXING = YES;
				GCC_C_LANGUAGE_STANDARD = gnu17;
				GCC_NO_COMMON_BLOCKS = YES;
				GCC_WARN_64_TO_32_BIT_CONVERSION = YES;
				GCC_WARN_ABOUT_RETURN_TYPE = YES_ERROR;
				GCC_WARN_UNDECLARED_SELECTOR = YES;
				GCC_WARN_UNINITIALIZED_AUTOS = YES_AGGRESSIVE;
				GCC_WARN_UNUSED_FUNCTION = YES;
				GCC_WARN_UNUSED_VARIABLE = YES;
				LOCALIZATION_PREFERS_STRING_CATALOGS = YES;
				MTL_ENABLE_DEBUG_INFO = NO;
				MTL_FAST_MATH = YES;
				SWIFT_COMPILATION_MODE = wholemodule;
			};
			name = Release;
		};
		66F7899B2AC91EAE00A266D7 /* Debug */ = {
			isa = XCBuildConfiguration;
			buildSettings = {
				ASSETCATALOG_COMPILER_APPICON_NAME = AppIcon;
				ASSETCATALOG_COMPILER_GLOBAL_ACCENT_COLOR_NAME = AccentColor;
				CODE_SIGN_ENTITLEMENTS = BeRealClone/BeRealClone.entitlements;
				CODE_SIGN_STYLE = Automatic;
				CURRENT_PROJECT_VERSION = 1;
				DEVELOPMENT_ASSET_PATHS = "\"BeRealClone/Preview Content\"";
				DEVELOPMENT_TEAM = TQKAT5B374;
				ENABLE_PREVIEWS = YES;
				GENERATE_INFOPLIST_FILE = YES;
				"INFOPLIST_KEY_UIApplicationSceneManifest_Generation[sdk=iphoneos*]" = YES;
				"INFOPLIST_KEY_UIApplicationSceneManifest_Generation[sdk=iphonesimulator*]" = YES;
				"INFOPLIST_KEY_UIApplicationSupportsIndirectInputEvents[sdk=iphoneos*]" = YES;
				"INFOPLIST_KEY_UIApplicationSupportsIndirectInputEvents[sdk=iphonesimulator*]" = YES;
				"INFOPLIST_KEY_UILaunchScreen_Generation[sdk=iphoneos*]" = YES;
				"INFOPLIST_KEY_UILaunchScreen_Generation[sdk=iphonesimulator*]" = YES;
				"INFOPLIST_KEY_UIStatusBarStyle[sdk=iphoneos*]" = UIStatusBarStyleDefault;
				"INFOPLIST_KEY_UIStatusBarStyle[sdk=iphonesimulator*]" = UIStatusBarStyleDefault;
				INFOPLIST_KEY_UISupportedInterfaceOrientations_iPad = "UIInterfaceOrientationPortrait UIInterfaceOrientationPortraitUpsideDown UIInterfaceOrientationLandscapeLeft UIInterfaceOrientationLandscapeRight";
				INFOPLIST_KEY_UISupportedInterfaceOrientations_iPhone = "UIInterfaceOrientationPortrait UIInterfaceOrientationLandscapeLeft UIInterfaceOrientationLandscapeRight";
				IPHONEOS_DEPLOYMENT_TARGET = 16.3;
				LD_RUNPATH_SEARCH_PATHS = "@executable_path/Frameworks";
				"LD_RUNPATH_SEARCH_PATHS[sdk=macosx*]" = "@executable_path/../Frameworks";
				MACOSX_DEPLOYMENT_TARGET = 14.0;
				MARKETING_VERSION = 1.0;
				PRODUCT_BUNDLE_IDENTIFIER = duy.BeRealClone;
				PRODUCT_NAME = "$(TARGET_NAME)";
				SDKROOT = auto;
				SUPPORTED_PLATFORMS = "iphoneos iphonesimulator";
				SUPPORTS_MACCATALYST = NO;
				SWIFT_EMIT_LOC_STRINGS = YES;
				SWIFT_VERSION = 5.0;
				TARGETED_DEVICE_FAMILY = "1,2";
			};
			name = Debug;
		};
		66F7899C2AC91EAE00A266D7 /* Release */ = {
			isa = XCBuildConfiguration;
			buildSettings = {
				ASSETCATALOG_COMPILER_APPICON_NAME = AppIcon;
				ASSETCATALOG_COMPILER_GLOBAL_ACCENT_COLOR_NAME = AccentColor;
				CODE_SIGN_ENTITLEMENTS = BeRealClone/BeRealClone.entitlements;
				CODE_SIGN_STYLE = Automatic;
				CURRENT_PROJECT_VERSION = 1;
				DEVELOPMENT_ASSET_PATHS = "\"BeRealClone/Preview Content\"";
				DEVELOPMENT_TEAM = TQKAT5B374;
				ENABLE_PREVIEWS = YES;
				GENERATE_INFOPLIST_FILE = YES;
				"INFOPLIST_KEY_UIApplicationSceneManifest_Generation[sdk=iphoneos*]" = YES;
				"INFOPLIST_KEY_UIApplicationSceneManifest_Generation[sdk=iphonesimulator*]" = YES;
				"INFOPLIST_KEY_UIApplicationSupportsIndirectInputEvents[sdk=iphoneos*]" = YES;
				"INFOPLIST_KEY_UIApplicationSupportsIndirectInputEvents[sdk=iphonesimulator*]" = YES;
				"INFOPLIST_KEY_UILaunchScreen_Generation[sdk=iphoneos*]" = YES;
				"INFOPLIST_KEY_UILaunchScreen_Generation[sdk=iphonesimulator*]" = YES;
				"INFOPLIST_KEY_UIStatusBarStyle[sdk=iphoneos*]" = UIStatusBarStyleDefault;
				"INFOPLIST_KEY_UIStatusBarStyle[sdk=iphonesimulator*]" = UIStatusBarStyleDefault;
				INFOPLIST_KEY_UISupportedInterfaceOrientations_iPad = "UIInterfaceOrientationPortrait UIInterfaceOrientationPortraitUpsideDown UIInterfaceOrientationLandscapeLeft UIInterfaceOrientationLandscapeRight";
				INFOPLIST_KEY_UISupportedInterfaceOrientations_iPhone = "UIInterfaceOrientationPortrait UIInterfaceOrientationLandscapeLeft UIInterfaceOrientationLandscapeRight";
				IPHONEOS_DEPLOYMENT_TARGET = 16.3;
				LD_RUNPATH_SEARCH_PATHS = "@executable_path/Frameworks";
				"LD_RUNPATH_SEARCH_PATHS[sdk=macosx*]" = "@executable_path/../Frameworks";
				MACOSX_DEPLOYMENT_TARGET = 14.0;
				MARKETING_VERSION = 1.0;
				PRODUCT_BUNDLE_IDENTIFIER = duy.BeRealClone;
				PRODUCT_NAME = "$(TARGET_NAME)";
				SDKROOT = auto;
				SUPPORTED_PLATFORMS = "iphoneos iphonesimulator";
				SUPPORTS_MACCATALYST = NO;
				SWIFT_EMIT_LOC_STRINGS = YES;
				SWIFT_VERSION = 5.0;
				TARGETED_DEVICE_FAMILY = "1,2";
			};
			name = Release;
		};
		66F7899E2AC91EAE00A266D7 /* Debug */ = {
			isa = XCBuildConfiguration;
			buildSettings = {
				ALWAYS_EMBED_SWIFT_STANDARD_LIBRARIES = YES;
				BUNDLE_LOADER = "$(TEST_HOST)";
				CODE_SIGN_STYLE = Automatic;
				CURRENT_PROJECT_VERSION = 1;
				GENERATE_INFOPLIST_FILE = YES;
				IPHONEOS_DEPLOYMENT_TARGET = 17.0;
				MACOSX_DEPLOYMENT_TARGET = 14.0;
				MARKETING_VERSION = 1.0;
				PRODUCT_BUNDLE_IDENTIFIER = duy.BeRealCloneTests;
				PRODUCT_NAME = "$(TARGET_NAME)";
				SDKROOT = auto;
				SUPPORTED_PLATFORMS = "iphoneos iphonesimulator macosx";
				SWIFT_EMIT_LOC_STRINGS = NO;
				SWIFT_VERSION = 5.0;
				TARGETED_DEVICE_FAMILY = "1,2";
				TEST_HOST = "$(BUILT_PRODUCTS_DIR)/BeRealClone.app/$(BUNDLE_EXECUTABLE_FOLDER_PATH)/BeRealClone";
			};
			name = Debug;
		};
		66F7899F2AC91EAE00A266D7 /* Release */ = {
			isa = XCBuildConfiguration;
			buildSettings = {
				ALWAYS_EMBED_SWIFT_STANDARD_LIBRARIES = YES;
				BUNDLE_LOADER = "$(TEST_HOST)";
				CODE_SIGN_STYLE = Automatic;
				CURRENT_PROJECT_VERSION = 1;
				GENERATE_INFOPLIST_FILE = YES;
				IPHONEOS_DEPLOYMENT_TARGET = 17.0;
				MACOSX_DEPLOYMENT_TARGET = 14.0;
				MARKETING_VERSION = 1.0;
				PRODUCT_BUNDLE_IDENTIFIER = duy.BeRealCloneTests;
				PRODUCT_NAME = "$(TARGET_NAME)";
				SDKROOT = auto;
				SUPPORTED_PLATFORMS = "iphoneos iphonesimulator macosx";
				SWIFT_EMIT_LOC_STRINGS = NO;
				SWIFT_VERSION = 5.0;
				TARGETED_DEVICE_FAMILY = "1,2";
				TEST_HOST = "$(BUILT_PRODUCTS_DIR)/BeRealClone.app/$(BUNDLE_EXECUTABLE_FOLDER_PATH)/BeRealClone";
			};
			name = Release;
		};
		66F789A12AC91EAE00A266D7 /* Debug */ = {
			isa = XCBuildConfiguration;
			buildSettings = {
				ALWAYS_EMBED_SWIFT_STANDARD_LIBRARIES = YES;
				CODE_SIGN_STYLE = Automatic;
				CURRENT_PROJECT_VERSION = 1;
				GENERATE_INFOPLIST_FILE = YES;
				IPHONEOS_DEPLOYMENT_TARGET = 17.0;
				MACOSX_DEPLOYMENT_TARGET = 14.0;
				MARKETING_VERSION = 1.0;
				PRODUCT_BUNDLE_IDENTIFIER = duy.BeRealCloneUITests;
				PRODUCT_NAME = "$(TARGET_NAME)";
				SDKROOT = auto;
				SUPPORTED_PLATFORMS = "iphoneos iphonesimulator macosx";
				SWIFT_EMIT_LOC_STRINGS = NO;
				SWIFT_VERSION = 5.0;
				TARGETED_DEVICE_FAMILY = "1,2";
				TEST_TARGET_NAME = BeRealClone;
			};
			name = Debug;
		};
		66F789A22AC91EAE00A266D7 /* Release */ = {
			isa = XCBuildConfiguration;
			buildSettings = {
				ALWAYS_EMBED_SWIFT_STANDARD_LIBRARIES = YES;
				CODE_SIGN_STYLE = Automatic;
				CURRENT_PROJECT_VERSION = 1;
				GENERATE_INFOPLIST_FILE = YES;
				IPHONEOS_DEPLOYMENT_TARGET = 17.0;
				MACOSX_DEPLOYMENT_TARGET = 14.0;
				MARKETING_VERSION = 1.0;
				PRODUCT_BUNDLE_IDENTIFIER = duy.BeRealCloneUITests;
				PRODUCT_NAME = "$(TARGET_NAME)";
				SDKROOT = auto;
				SUPPORTED_PLATFORMS = "iphoneos iphonesimulator macosx";
				SWIFT_EMIT_LOC_STRINGS = NO;
				SWIFT_VERSION = 5.0;
				TARGETED_DEVICE_FAMILY = "1,2";
				TEST_TARGET_NAME = BeRealClone;
			};
			name = Release;
		};
/* End XCBuildConfiguration section */

/* Begin XCConfigurationList section */
		66F789702AC91EAC00A266D7 /* Build configuration list for PBXProject "BeRealClone" */ = {
			isa = XCConfigurationList;
			buildConfigurations = (
				66F789982AC91EAE00A266D7 /* Debug */,
				66F789992AC91EAE00A266D7 /* Release */,
			);
			defaultConfigurationIsVisible = 0;
			defaultConfigurationName = Release;
		};
		66F7899A2AC91EAE00A266D7 /* Build configuration list for PBXNativeTarget "BeRealClone" */ = {
			isa = XCConfigurationList;
			buildConfigurations = (
				66F7899B2AC91EAE00A266D7 /* Debug */,
				66F7899C2AC91EAE00A266D7 /* Release */,
			);
			defaultConfigurationIsVisible = 0;
			defaultConfigurationName = Release;
		};
		66F7899D2AC91EAE00A266D7 /* Build configuration list for PBXNativeTarget "BeRealCloneTests" */ = {
			isa = XCConfigurationList;
			buildConfigurations = (
				66F7899E2AC91EAE00A266D7 /* Debug */,
				66F7899F2AC91EAE00A266D7 /* Release */,
			);
			defaultConfigurationIsVisible = 0;
			defaultConfigurationName = Release;
		};
		66F789A02AC91EAE00A266D7 /* Build configuration list for PBXNativeTarget "BeRealCloneUITests" */ = {
			isa = XCConfigurationList;
			buildConfigurations = (
				66F789A12AC91EAE00A266D7 /* Debug */,
				66F789A22AC91EAE00A266D7 /* Release */,
			);
			defaultConfigurationIsVisible = 0;
			defaultConfigurationName = Release;
		};
/* End XCConfigurationList section */
	};
	rootObject = 66F7896D2AC91EAC00A266D7 /* Project object */;
}
